
Microsoft Visual Studio Solution File, Format Version 12.00
# Visual Studio Version 17
VisualStudioVersion = 17.9.34607.119
MinimumVisualStudioVersion = 10.0.40219.1
Project("{FAE04EC0-301F-11D3-BF4B-00C04F79EFBC}") = "ChatClient", "Client\ChatClient.csproj", "{4CA80DC9-FE19-4F66-93C3-D61D9075DE38}"
EndProject
Project("{FAE04EC0-301F-11D3-BF4B-00C04F79EFBC}") = "ChatServer", "ChatServer\ChatServer.csproj", "{DA2663F7-3520-439A-8881-F7548589A630}"
EndProject
Global
	GlobalSection(SolutionConfigurationPlatforms) = preSolution
		Debug|Any CPU = Debug|Any CPU
		Release|Any CPU = Release|Any CPU
	EndGlobalSection
	GlobalSection(ProjectConfigurationPlatforms) = postSolution
		{4CA80DC9-FE19-4F66-93C3-D61D9075DE38}.Debug|Any CPU.ActiveCfg = Debug|Any CPU
		{4CA80DC9-FE19-4F66-93C3-D61D9075DE38}.Debug|Any CPU.Build.0 = Debug|Any CPU
		{4CA80DC9-FE19-4F66-93C3-D61D9075DE38}.Release|Any CPU.ActiveCfg = Release|Any CPU
		{4CA80DC9-FE19-4F66-93C3-D61D9075DE38}.Release|Any CPU.Build.0 = Release|Any CPU
		{DA2663F7-3520-439A-8881-F7548589A630}.Debug|Any CPU.ActiveCfg = Debug|Any CPU
		{DA2663F7-3520-439A-8881-F7548589A630}.Debug|Any CPU.Build.0 = Debug|Any CPU
		{DA2663F7-3520-439A-8881-F7548589A630}.Release|Any CPU.ActiveCfg = Release|Any CPU
		{DA2663F7-3520-439A-8881-F7548589A630}.Release|Any CPU.Build.0 = Release|Any CPU
	EndGlobalSection
	GlobalSection(SolutionProperties) = preSolution
		HideSolutionNode = FALSE
	EndGlobalSection
	GlobalSection(ExtensibilityGlobals) = postSolution
		SolutionGuid = {88EB512A-97F3-4042-8EDF-CFAF8FD0384B}
	EndGlobalSection
EndGlobal
